{
	"name": "@iabtcf/cmpapi",
	"version": "1.0.0-alpha.8",
	"lockfileVersion": 1,
	"requires": true,
	"dependencies": {
		"@types/chai": {
			"version": "4.2.3",
			"resolved": "https://registry.npmjs.org/@types/chai/-/chai-4.2.3.tgz",
			"integrity": "sha512-VRw2xEGbll3ZiTQ4J02/hUjNqZoue1bMhoo2dgM2LXjDdyaq4q80HgBDHwpI0/VKlo4Eg+BavyQMv/NYgTetzA==",
			"dev": true
		},
		"@types/sinon": {
			"version": "7.0.13",
			"resolved": "https://registry.npmjs.org/@types/sinon/-/sinon-7.0.13.tgz",
			"integrity": "sha512-d7c/C/+H/knZ3L8/cxhicHUiTDxdgap0b/aNJfsmLwFu/iOP17mdgbQsbHA3SJmrzsjD0l3UEE5SN4xxuz5ung==",
			"dev": true
		},
		"@types/sinon-chai": {
			"version": "3.2.2",
			"resolved": "https://registry.npmjs.org/@types/sinon-chai/-/sinon-chai-3.2.2.tgz",
			"integrity": "sha512-5zSs2AslzyPZdOsbm2NRtuSNAI2aTWzNKOHa/GRecKo7a5efYD7qGcPxMZXQDayVXT2Vnd5waXxBvV31eCZqiA==",
			"dev": true,
			"requires": {
				"@types/chai": "*",
				"@types/sinon": "*"
			}
		}
	}
}
